{
	"name":				"ace-xterm",
	"version":			"1.0.0",
	"lockfileVersion": 1,
	"requires":			true,
	"dependencies":		{
		"@types/ace": {
			"version":		"0.0.40",
			"resolved":		"https://registry.npmjs.org/@types/ace/-/ace-0.0.40.tgz",
			"integrity": "sha512-kthMicXiTOuS3mqbbiv0WMHPU39rJs0B7vnzS7lbEFadRRQKyzBWUWUlmYazODpJ4l2y30oUkXQk+V1sPUisFg==",
			"dev":			true
		}
	}
}
